
Microsoft Visual Studio Solution File, Format Version 12.00
# Visual Studio Version 17
VisualStudioVersion = 17.11.35312.102
MinimumVisualStudioVersion = 10.0.40219.1
Project("{FAE04EC0-301F-11D3-BF4B-00C04F79EFBC}") = "Chanlange.ListNodeSerializer", "Chanlange.ListNodeSerializer\Chanlange.ListNodeSerializer.csproj", "{312987F9-D69A-4340-A286-ECFE8F668D1A}"
EndProject
Project("{FAE04EC0-301F-11D3-BF4B-00C04F79EFBC}") = "Chanlange.ListNodeSerializer.Test", "Chanlange.ListNodeSerializer.Test\Chanlange.ListNodeSerializer.Test.csproj", "{7EB31749-4342-43BB-94FF-5515650F237B}"
EndProject
Global
	GlobalSection(SolutionConfigurationPlatforms) = preSolution
		Debug|Any CPU = Debug|Any CPU
		Release|Any CPU = Release|Any CPU
	EndGlobalSection
	GlobalSection(ProjectConfigurationPlatforms) = postSolution
		{312987F9-D69A-4340-A286-ECFE8F668D1A}.Debug|Any CPU.ActiveCfg = Debug|Any CPU
		{312987F9-D69A-4340-A286-ECFE8F668D1A}.Debug|Any CPU.Build.0 = Debug|Any CPU
		{312987F9-D69A-4340-A286-ECFE8F668D1A}.Release|Any CPU.ActiveCfg = Release|Any CPU
		{312987F9-D69A-4340-A286-ECFE8F668D1A}.Release|Any CPU.Build.0 = Release|Any CPU
		{7EB31749-4342-43BB-94FF-5515650F237B}.Debug|Any CPU.ActiveCfg = Debug|Any CPU
		{7EB31749-4342-43BB-94FF-5515650F237B}.Debug|Any CPU.Build.0 = Debug|Any CPU
		{7EB31749-4342-43BB-94FF-5515650F237B}.Release|Any CPU.ActiveCfg = Release|Any CPU
		{7EB31749-4342-43BB-94FF-5515650F237B}.Release|Any CPU.Build.0 = Release|Any CPU
	EndGlobalSection
	GlobalSection(SolutionProperties) = preSolution
		HideSolutionNode = FALSE
	EndGlobalSection
	GlobalSection(ExtensibilityGlobals) = postSolution
		SolutionGuid = {FB75123E-C7B3-40F0-94B6-4D848E949DEC}
	EndGlobalSection
EndGlobal
